
Microsoft Visual Studio Solution File, Format Version 12.00
# Visual Studio Version 17
VisualStudioVersion = 17.8.34330.188
MinimumVisualStudioVersion = 10.0.40219.1
Project("{9A19103F-16F7-4668-BE54-9A1E7A4F7556}") = "BackendC", "BackendC.csproj", "{1896B16E-FBB1-4784-9B9B-C91A53442E99}"
EndProject
Global
	GlobalSection(SolutionConfigurationPlatforms) = preSolution
		Debug|Any CPU = Debug|Any CPU
		Release|Any CPU = Release|Any CPU
	EndGlobalSection
	GlobalSection(ProjectConfigurationPlatforms) = postSolution
		{1896B16E-FBB1-4784-9B9B-C91A53442E99}.Debug|Any CPU.ActiveCfg = Debug|Any CPU
		{1896B16E-FBB1-4784-9B9B-C91A53442E99}.Debug|Any CPU.Build.0 = Debug|Any CPU
		{1896B16E-FBB1-4784-9B9B-C91A53442E99}.Release|Any CPU.ActiveCfg = Release|Any CPU
		{1896B16E-FBB1-4784-9B9B-C91A53442E99}.Release|Any CPU.Build.0 = Release|Any CPU
	EndGlobalSection
	GlobalSection(SolutionProperties) = preSolution
		HideSolutionNode = FALSE
	EndGlobalSection
	GlobalSection(ExtensibilityGlobals) = postSolution
		SolutionGuid = {04D8EDAC-A20B-49C0-90FB-1BB6EF0B287A}
	EndGlobalSection
EndGlobal
